
Microsoft Visual Studio Solution File, Format Version 12.00
# Visual Studio Version 17
VisualStudioVersion = 17.9.34701.34
MinimumVisualStudioVersion = 10.0.40219.1
Project("{8BC9CEB8-8B4A-11D0-8D11-00A0C91BC942}") = "PositionKeeperSystem", "PositionKeeperSystem\PositionKeeperSystem.vcxproj", "{AE9439A6-8D87-49AF-923B-B7DEB9A41D15}"
EndProject
Project("{8BC9CEB8-8B4A-11D0-8D11-00A0C91BC942}") = "Tests", "Tests\Tests.vcxproj", "{F5EF2060-8A30-41BA-97D5-DDF4C9A803D5}"
EndProject
Project("{8BC9CEB8-8B4A-11D0-8D11-00A0C91BC942}") = "Core", "Core\Core.vcxproj", "{33D18328-970F-46C0-A1D0-B06584B5FF9C}"
EndProject
Global
	GlobalSection(SolutionConfigurationPlatforms) = preSolution
		Debug|x64 = Debug|x64
		Debug|x86 = Debug|x86
		Release|x64 = Release|x64
		Release|x86 = Release|x86
	EndGlobalSection
	GlobalSection(ProjectConfigurationPlatforms) = postSolution
		{AE9439A6-8D87-49AF-923B-B7DEB9A41D15}.Debug|x64.ActiveCfg = Debug|x64
		{AE9439A6-8D87-49AF-923B-B7DEB9A41D15}.Debug|x64.Build.0 = Debug|x64
		{AE9439A6-8D87-49AF-923B-B7DEB9A41D15}.Debug|x86.ActiveCfg = Debug|Win32
		{AE9439A6-8D87-49AF-923B-B7DEB9A41D15}.Debug|x86.Build.0 = Debug|Win32
		{AE9439A6-8D87-49AF-923B-B7DEB9A41D15}.Release|x64.ActiveCfg = Release|x64
		{AE9439A6-8D87-49AF-923B-B7DEB9A41D15}.Release|x64.Build.0 = Release|x64
		{AE9439A6-8D87-49AF-923B-B7DEB9A41D15}.Release|x86.ActiveCfg = Release|Win32
		{AE9439A6-8D87-49AF-923B-B7DEB9A41D15}.Release|x86.Build.0 = Release|Win32
		{F5EF2060-8A30-41BA-97D5-DDF4C9A803D5}.Debug|x64.ActiveCfg = Debug|x64
		{F5EF2060-8A30-41BA-97D5-DDF4C9A803D5}.Debug|x64.Build.0 = Debug|x64
		{F5EF2060-8A30-41BA-97D5-DDF4C9A803D5}.Debug|x86.ActiveCfg = Debug|Win32
		{F5EF2060-8A30-41BA-97D5-DDF4C9A803D5}.Debug|x86.Build.0 = Debug|Win32
		{F5EF2060-8A30-41BA-97D5-DDF4C9A803D5}.Release|x64.ActiveCfg = Release|x64
		{F5EF2060-8A30-41BA-97D5-DDF4C9A803D5}.Release|x64.Build.0 = Release|x64
		{F5EF2060-8A30-41BA-97D5-DDF4C9A803D5}.Release|x86.ActiveCfg = Release|Win32
		{F5EF2060-8A30-41BA-97D5-DDF4C9A803D5}.Release|x86.Build.0 = Release|Win32
		{33D18328-970F-46C0-A1D0-B06584B5FF9C}.Debug|x64.ActiveCfg = Debug|x64
		{33D18328-970F-46C0-A1D0-B06584B5FF9C}.Debug|x64.Build.0 = Debug|x64
		{33D18328-970F-46C0-A1D0-B06584B5FF9C}.Debug|x86.ActiveCfg = Debug|Win32
		{33D18328-970F-46C0-A1D0-B06584B5FF9C}.Debug|x86.Build.0 = Debug|Win32
		{33D18328-970F-46C0-A1D0-B06584B5FF9C}.Release|x64.ActiveCfg = Release|x64
		{33D18328-970F-46C0-A1D0-B06584B5FF9C}.Release|x64.Build.0 = Release|x64
		{33D18328-970F-46C0-A1D0-B06584B5FF9C}.Release|x86.ActiveCfg = Release|Win32
		{33D18328-970F-46C0-A1D0-B06584B5FF9C}.Release|x86.Build.0 = Release|Win32
	EndGlobalSection
	GlobalSection(SolutionProperties) = preSolution
		HideSolutionNode = FALSE
	EndGlobalSection
	GlobalSection(ExtensibilityGlobals) = postSolution
		SolutionGuid = {BB4578BE-E9CF-4248-8C12-58413814A972}
	EndGlobalSection
EndGlobal
